
Microsoft Visual Studio Solution File, Format Version 12.00
# Visual Studio 15
VisualStudioVersion = 15.0.26228.9
MinimumVisualStudioVersion = 10.0.40219.1
Project("{FAE04EC0-301F-11D3-BF4B-00C04F79EFBC}") = "Fleet.StructureMap", "Fleet.StructureMap\Fleet.StructureMap.csproj", "{5D2B3320-0FD4-4A32-80C4-EBF2332B5837}"
EndProject
Project("{FAE04EC0-301F-11D3-BF4B-00C04F79EFBC}") = "FleetReact", "FleetReact\FleetReact.csproj", "{759261AB-4999-48BA-A030-8E501BB20552}"
EndProject
Project("{FAE04EC0-301F-11D3-BF4B-00C04F79EFBC}") = "FleetReact.Tests", "FleetReact.Tests\FleetReact.Tests.csproj", "{3CD7DC76-B9DD-4C71-A393-3A07FAE8A5B1}"
EndProject
Project("{2150E333-8FDC-42A3-9474-1A3956D46DE8}") = "Site", "Site", "{E48925C1-746D-49A9-88B6-9B6442E87D96}"
EndProject
Project("{2150E333-8FDC-42A3-9474-1A3956D46DE8}") = "Test", "Test", "{F0552905-404C-4696-BD23-C481936C96A5}"
EndProject
Project("{FAE04EC0-301F-11D3-BF4B-00C04F79EFBC}") = "Fleet.SiteMVC", "Fleet.SiteMVC\Fleet.SiteMVC.csproj", "{55B34637-DDA9-4BF5-9213-68A1F5135E57}"
EndProject
Project("{2150E333-8FDC-42A3-9474-1A3956D46DE8}") = "Data", "Data", "{0CE0685C-5EF1-4422-A576-6A21418E2854}"
EndProject
Project("{FAE04EC0-301F-11D3-BF4B-00C04F79EFBC}") = "Fleet.Data", "Fleet.Data\Fleet.Data.csproj", "{BD3A184E-C092-4788-9650-AEADB3FDCB33}"
EndProject
Project("{FAE04EC0-301F-11D3-BF4B-00C04F79EFBC}") = "Fleet.Interfaces", "Fleet.Interfaces\Fleet.Interfaces.csproj", "{3DD5CC59-0E4D-4C81-BC7A-DFFAAAC3392B}"
EndProject
Project("{2150E333-8FDC-42A3-9474-1A3956D46DE8}") = "Model", "Model", "{07257CAB-43C1-4A6E-BBCD-C26A348C7637}"
EndProject
Project("{FAE04EC0-301F-11D3-BF4B-00C04F79EFBC}") = "Fleet.Model", "Fleet.Model\Fleet.Model.csproj", "{62995FFA-1DE8-4EF3-9319-8CF168680EA1}"
EndProject
Project("{2150E333-8FDC-42A3-9474-1A3956D46DE8}") = "Config", "Config", "{25F466F7-D7DC-4FD8-AFA8-14E7C7FBA834}"
EndProject
Project("{FAE04EC0-301F-11D3-BF4B-00C04F79EFBC}") = "Fleet.Configuration", "Fleet.Configuration\Fleet.Configuration.csproj", "{67454C20-E7E1-4B71-A1E2-7A80ED0F4D8B}"
EndProject
Project("{2150E333-8FDC-42A3-9474-1A3956D46DE8}") = "Addons", "Addons", "{BF7B3EC8-0782-420B-9887-6FDACD75BDC1}"
EndProject
Project("{FAE04EC0-301F-11D3-BF4B-00C04F79EFBC}") = "SiteLogger", "SiteLogger\SiteLogger.csproj", "{73D5C4D4-90D5-4F12-A37F-1F538694F3A8}"
EndProject
Project("{FAE04EC0-301F-11D3-BF4B-00C04F79EFBC}") = "Fleet.Membership", "Fleet.Membership\Fleet.Membership.csproj", "{D55F2413-D605-4326-A9AD-DA80B483051B}"
EndProject
Global
	GlobalSection(SolutionConfigurationPlatforms) = preSolution
		Debug|Any CPU = Debug|Any CPU
		Debug|x86 = Debug|x86
		Release|Any CPU = Release|Any CPU
		Release|x86 = Release|x86
	EndGlobalSection
	GlobalSection(ProjectConfigurationPlatforms) = postSolution
		{5D2B3320-0FD4-4A32-80C4-EBF2332B5837}.Debug|Any CPU.ActiveCfg = Debug|Any CPU
		{5D2B3320-0FD4-4A32-80C4-EBF2332B5837}.Debug|Any CPU.Build.0 = Debug|Any CPU
		{5D2B3320-0FD4-4A32-80C4-EBF2332B5837}.Debug|x86.ActiveCfg = Debug|x86
		{5D2B3320-0FD4-4A32-80C4-EBF2332B5837}.Debug|x86.Build.0 = Debug|x86
		{5D2B3320-0FD4-4A32-80C4-EBF2332B5837}.Release|Any CPU.ActiveCfg = Release|Any CPU
		{5D2B3320-0FD4-4A32-80C4-EBF2332B5837}.Release|Any CPU.Build.0 = Release|Any CPU
		{5D2B3320-0FD4-4A32-80C4-EBF2332B5837}.Release|x86.ActiveCfg = Release|x86
		{5D2B3320-0FD4-4A32-80C4-EBF2332B5837}.Release|x86.Build.0 = Release|x86
		{759261AB-4999-48BA-A030-8E501BB20552}.Debug|Any CPU.ActiveCfg = Debug|Any CPU
		{759261AB-4999-48BA-A030-8E501BB20552}.Debug|Any CPU.Build.0 = Debug|Any CPU
		{759261AB-4999-48BA-A030-8E501BB20552}.Debug|x86.ActiveCfg = Debug|x86
		{759261AB-4999-48BA-A030-8E501BB20552}.Debug|x86.Build.0 = Debug|x86
		{759261AB-4999-48BA-A030-8E501BB20552}.Release|Any CPU.ActiveCfg = Release|Any CPU
		{759261AB-4999-48BA-A030-8E501BB20552}.Release|Any CPU.Build.0 = Release|Any CPU
		{759261AB-4999-48BA-A030-8E501BB20552}.Release|x86.ActiveCfg = Release|x86
		{759261AB-4999-48BA-A030-8E501BB20552}.Release|x86.Build.0 = Release|x86
		{3CD7DC76-B9DD-4C71-A393-3A07FAE8A5B1}.Debug|Any CPU.ActiveCfg = Debug|Any CPU
		{3CD7DC76-B9DD-4C71-A393-3A07FAE8A5B1}.Debug|Any CPU.Build.0 = Debug|Any CPU
		{3CD7DC76-B9DD-4C71-A393-3A07FAE8A5B1}.Debug|x86.ActiveCfg = Debug|x86
		{3CD7DC76-B9DD-4C71-A393-3A07FAE8A5B1}.Debug|x86.Build.0 = Debug|x86
		{3CD7DC76-B9DD-4C71-A393-3A07FAE8A5B1}.Release|Any CPU.ActiveCfg = Release|Any CPU
		{3CD7DC76-B9DD-4C71-A393-3A07FAE8A5B1}.Release|Any CPU.Build.0 = Release|Any CPU
		{3CD7DC76-B9DD-4C71-A393-3A07FAE8A5B1}.Release|x86.ActiveCfg = Release|x86
		{3CD7DC76-B9DD-4C71-A393-3A07FAE8A5B1}.Release|x86.Build.0 = Release|x86
		{55B34637-DDA9-4BF5-9213-68A1F5135E57}.Debug|Any CPU.ActiveCfg = Debug|Any CPU
		{55B34637-DDA9-4BF5-9213-68A1F5135E57}.Debug|Any CPU.Build.0 = Debug|Any CPU
		{55B34637-DDA9-4BF5-9213-68A1F5135E57}.Debug|x86.ActiveCfg = Debug|x86
		{55B34637-DDA9-4BF5-9213-68A1F5135E57}.Debug|x86.Build.0 = Debug|x86
		{55B34637-DDA9-4BF5-9213-68A1F5135E57}.Release|Any CPU.ActiveCfg = Release|Any CPU
		{55B34637-DDA9-4BF5-9213-68A1F5135E57}.Release|Any CPU.Build.0 = Release|Any CPU
		{55B34637-DDA9-4BF5-9213-68A1F5135E57}.Release|x86.ActiveCfg = Release|x86
		{55B34637-DDA9-4BF5-9213-68A1F5135E57}.Release|x86.Build.0 = Release|x86
		{BD3A184E-C092-4788-9650-AEADB3FDCB33}.Debug|Any CPU.ActiveCfg = Debug|Any CPU
		{BD3A184E-C092-4788-9650-AEADB3FDCB33}.Debug|Any CPU.Build.0 = Debug|Any CPU
		{BD3A184E-C092-4788-9650-AEADB3FDCB33}.Debug|x86.ActiveCfg = Debug|x86
		{BD3A184E-C092-4788-9650-AEADB3FDCB33}.Debug|x86.Build.0 = Debug|x86
		{BD3A184E-C092-4788-9650-AEADB3FDCB33}.Release|Any CPU.ActiveCfg = Release|Any CPU
		{BD3A184E-C092-4788-9650-AEADB3FDCB33}.Release|Any CPU.Build.0 = Release|Any CPU
		{BD3A184E-C092-4788-9650-AEADB3FDCB33}.Release|x86.ActiveCfg = Release|x86
		{BD3A184E-C092-4788-9650-AEADB3FDCB33}.Release|x86.Build.0 = Release|x86
		{3DD5CC59-0E4D-4C81-BC7A-DFFAAAC3392B}.Debug|Any CPU.ActiveCfg = Debug|Any CPU
		{3DD5CC59-0E4D-4C81-BC7A-DFFAAAC3392B}.Debug|Any CPU.Build.0 = Debug|Any CPU
		{3DD5CC59-0E4D-4C81-BC7A-DFFAAAC3392B}.Debug|x86.ActiveCfg = Debug|x86
		{3DD5CC59-0E4D-4C81-BC7A-DFFAAAC3392B}.Debug|x86.Build.0 = Debug|x86
		{3DD5CC59-0E4D-4C81-BC7A-DFFAAAC3392B}.Release|Any CPU.ActiveCfg = Release|Any CPU
		{3DD5CC59-0E4D-4C81-BC7A-DFFAAAC3392B}.Release|Any CPU.Build.0 = Release|Any CPU
		{3DD5CC59-0E4D-4C81-BC7A-DFFAAAC3392B}.Release|x86.ActiveCfg = Release|x86
		{3DD5CC59-0E4D-4C81-BC7A-DFFAAAC3392B}.Release|x86.Build.0 = Release|x86
		{62995FFA-1DE8-4EF3-9319-8CF168680EA1}.Debug|Any CPU.ActiveCfg = Debug|Any CPU
		{62995FFA-1DE8-4EF3-9319-8CF168680EA1}.Debug|Any CPU.Build.0 = Debug|Any CPU
		{62995FFA-1DE8-4EF3-9319-8CF168680EA1}.Debug|x86.ActiveCfg = Debug|x86
		{62995FFA-1DE8-4EF3-9319-8CF168680EA1}.Debug|x86.Build.0 = Debug|x86
		{62995FFA-1DE8-4EF3-9319-8CF168680EA1}.Release|Any CPU.ActiveCfg = Release|Any CPU
		{62995FFA-1DE8-4EF3-9319-8CF168680EA1}.Release|Any CPU.Build.0 = Release|Any CPU
		{62995FFA-1DE8-4EF3-9319-8CF168680EA1}.Release|x86.ActiveCfg = Release|x86
		{62995FFA-1DE8-4EF3-9319-8CF168680EA1}.Release|x86.Build.0 = Release|x86
		{67454C20-E7E1-4B71-A1E2-7A80ED0F4D8B}.Debug|Any CPU.ActiveCfg = Debug|Any CPU
		{67454C20-E7E1-4B71-A1E2-7A80ED0F4D8B}.Debug|Any CPU.Build.0 = Debug|Any CPU
		{67454C20-E7E1-4B71-A1E2-7A80ED0F4D8B}.Debug|x86.ActiveCfg = Debug|x86
		{67454C20-E7E1-4B71-A1E2-7A80ED0F4D8B}.Debug|x86.Build.0 = Debug|x86
		{67454C20-E7E1-4B71-A1E2-7A80ED0F4D8B}.Release|Any CPU.ActiveCfg = Release|Any CPU
		{67454C20-E7E1-4B71-A1E2-7A80ED0F4D8B}.Release|Any CPU.Build.0 = Release|Any CPU
		{67454C20-E7E1-4B71-A1E2-7A80ED0F4D8B}.Release|x86.ActiveCfg = Release|x86
		{67454C20-E7E1-4B71-A1E2-7A80ED0F4D8B}.Release|x86.Build.0 = Release|x86
		{73D5C4D4-90D5-4F12-A37F-1F538694F3A8}.Debug|Any CPU.ActiveCfg = Debug|Any CPU
		{73D5C4D4-90D5-4F12-A37F-1F538694F3A8}.Debug|Any CPU.Build.0 = Debug|Any CPU
		{73D5C4D4-90D5-4F12-A37F-1F538694F3A8}.Debug|x86.ActiveCfg = Debug|x86
		{73D5C4D4-90D5-4F12-A37F-1F538694F3A8}.Debug|x86.Build.0 = Debug|x86
		{73D5C4D4-90D5-4F12-A37F-1F538694F3A8}.Release|Any CPU.ActiveCfg = Release|Any CPU
		{73D5C4D4-90D5-4F12-A37F-1F538694F3A8}.Release|Any CPU.Build.0 = Release|Any CPU
		{73D5C4D4-90D5-4F12-A37F-1F538694F3A8}.Release|x86.ActiveCfg = Release|x86
		{73D5C4D4-90D5-4F12-A37F-1F538694F3A8}.Release|x86.Build.0 = Release|x86
		{D55F2413-D605-4326-A9AD-DA80B483051B}.Debug|Any CPU.ActiveCfg = Debug|Any CPU
		{D55F2413-D605-4326-A9AD-DA80B483051B}.Debug|Any CPU.Build.0 = Debug|Any CPU
		{D55F2413-D605-4326-A9AD-DA80B483051B}.Debug|x86.ActiveCfg = Debug|x86
		{D55F2413-D605-4326-A9AD-DA80B483051B}.Debug|x86.Build.0 = Debug|x86
		{D55F2413-D605-4326-A9AD-DA80B483051B}.Release|Any CPU.ActiveCfg = Release|Any CPU
		{D55F2413-D605-4326-A9AD-DA80B483051B}.Release|Any CPU.Build.0 = Release|Any CPU
		{D55F2413-D605-4326-A9AD-DA80B483051B}.Release|x86.ActiveCfg = Release|x86
		{D55F2413-D605-4326-A9AD-DA80B483051B}.Release|x86.Build.0 = Release|x86
	EndGlobalSection
	GlobalSection(SolutionProperties) = preSolution
		HideSolutionNode = FALSE
	EndGlobalSection
	GlobalSection(NestedProjects) = preSolution
		{5D2B3320-0FD4-4A32-80C4-EBF2332B5837} = {25F466F7-D7DC-4FD8-AFA8-14E7C7FBA834}
		{759261AB-4999-48BA-A030-8E501BB20552} = {E48925C1-746D-49A9-88B6-9B6442E87D96}
		{3CD7DC76-B9DD-4C71-A393-3A07FAE8A5B1} = {F0552905-404C-4696-BD23-C481936C96A5}
		{55B34637-DDA9-4BF5-9213-68A1F5135E57} = {E48925C1-746D-49A9-88B6-9B6442E87D96}
		{BD3A184E-C092-4788-9650-AEADB3FDCB33} = {0CE0685C-5EF1-4422-A576-6A21418E2854}
		{3DD5CC59-0E4D-4C81-BC7A-DFFAAAC3392B} = {0CE0685C-5EF1-4422-A576-6A21418E2854}
		{62995FFA-1DE8-4EF3-9319-8CF168680EA1} = {07257CAB-43C1-4A6E-BBCD-C26A348C7637}
		{67454C20-E7E1-4B71-A1E2-7A80ED0F4D8B} = {25F466F7-D7DC-4FD8-AFA8-14E7C7FBA834}
		{73D5C4D4-90D5-4F12-A37F-1F538694F3A8} = {BF7B3EC8-0782-420B-9887-6FDACD75BDC1}
		{D55F2413-D605-4326-A9AD-DA80B483051B} = {0CE0685C-5EF1-4422-A576-6A21418E2854}
	EndGlobalSection
EndGlobal
